{
    "_readme": [
        "This file locks the dependencies of your project to a known state",
        "Read more about it at https://getcomposer.org/doc/01-basic-usage.md#installing-dependencies",
        "This file is @generated automatically"
    ],
    "content-hash": "d119f984bb570ded0d3dd155584a52b0",
    "packages": [
        {
            "name": "cybersource/sdk-php",
            "version": "1.0.2",
            "source": {
                "type": "git",
                "url": "https://github.com/CyberSource/cybersource-sdk-php.git",
                "reference": "0f190744932cf0f374837381a9df70bc0a3560af"
            },
            "dist": {
                "type": "zip",
                "url": "https://api.github.com/repos/CyberSource/cybersource-sdk-php/zipball/0f190744932cf0f374837381a9df70bc0a3560af",
                "reference": "0f190744932cf0f374837381a9df70bc0a3560af",
                "shasum": ""
            },
            "require": {
                "ext-curl": "*",
                "ext-openssl": "*",
                "ext-soap": "*",
                "php": ">=5.3"
            },
            "require-dev": {
                "phpunit/phpunit": "3.7.*"
            },
            "type": "library",
            "autoload": {
                "classmap": [
                    "lib/"
                ]
            },
            "notification-url": "https://packagist.org/downloads/",
            "include-path": [
                "lib/conf/"
            ],
            "license": [
                "Proprietary"
            ],
            "authors": [
                {
                    "name": "CyberSource",
                    "homepage": "https://github.com/CyberSource"
                }
            ],
            "description": "CyberSource PHP SOAP client",
            "homepage": "https://github.com/CyberSource/cybersource-sdk-php",
            "keywords": [
                "api",
                "cybersource",
                "payments"
            ],
            "time": "2015-09-23T04:37:11+00:00"
        },
        {
            "name": "firebase/php-jwt",
            "version": "v5.0.0",
            "source": {
                "type": "git",
                "url": "https://github.com/firebase/php-jwt.git",
                "reference": "9984a4d3a32ae7673d6971ea00bae9d0a1abba0e"
            },
            "dist": {
                "type": "zip",
                "url": "https://api.github.com/repos/firebase/php-jwt/zipball/9984a4d3a32ae7673d6971ea00bae9d0a1abba0e",
                "reference": "9984a4d3a32ae7673d6971ea00bae9d0a1abba0e",
                "shasum": ""
            },
            "require": {
                "php": ">=5.3.0"
            },
            "require-dev": {
                "phpunit/phpunit": " 4.8.35"
            },
            "type": "library",
            "autoload": {
                "psr-4": {
                    "Firebase\\JWT\\": "src"
                }
            },
            "notification-url": "https://packagist.org/downloads/",
            "license": [
                "BSD-3-Clause"
            ],
            "authors": [
                {
                    "name": "Neuman Vong",
                    "email": "neuman+pear@twilio.com",
                    "role": "Developer"
                },
                {
                    "name": "Anant Narayanan",
                    "email": "anant@php.net",
                    "role": "Developer"
                }
            ],
            "description": "A simple library to encode and decode JSON Web Tokens (JWT) in PHP. Should conform to the current spec.",
            "homepage": "https://github.com/firebase/php-jwt",
            "time": "2017-06-27T22:17:23+00:00"
        },
        {
            "name": "robthree/twofactorauth",
            "version": "1.6.6",
            "source": {
                "type": "git",
                "url": "https://github.com/RobThree/TwoFactorAuth.git",
                "reference": "7477d5d65625b7fe33cb338b98e419d394e9e9fd"
            },
            "dist": {
                "type": "zip",
                "url": "https://api.github.com/repos/RobThree/TwoFactorAuth/zipball/7477d5d65625b7fe33cb338b98e419d394e9e9fd",
                "reference": "7477d5d65625b7fe33cb338b98e419d394e9e9fd",
                "shasum": ""
            },
            "require": {
                "php": ">=5.3.0"
            },
            "require-dev": {
                "phpunit/phpunit": "@stable"
            },
            "type": "library",
            "autoload": {
                "psr-4": {
                    "RobThree\\Auth\\": "lib"
                }
            },
            "notification-url": "https://packagist.org/downloads/",
            "license": [
                "MIT"
            ],
            "authors": [
                {
                    "name": "Rob Janssen",
                    "homepage": "http://robiii.me",
                    "role": "Developer"
                }
            ],
            "description": "Two Factor Authentication",
            "homepage": "https://github.com/RobThree/TwoFactorAuth",
            "keywords": [
                "Authentication",
                "MFA",
                "Multi Factor Authentication",
                "Two Factor Authentication",
                "authenticator",
                "authy",
                "php",
                "tfa"
            ],
            "time": "2019-03-19T21:51:19+00:00"
        }
    ],
    "packages-dev": [],
    "aliases": [],
    "minimum-stability": "stable",
    "stability-flags": [],
    "prefer-stable": false,
    "prefer-lowest": false,
    "platform": [],
    "platform-dev": []
}
